
Microsoft Visual Studio Solution File, Format Version 12.00
# Visual Studio Version 17
VisualStudioVersion = 17.10.35013.160
MinimumVisualStudioVersion = 10.0.40219.1
Project("{FAE04EC0-301F-11D3-BF4B-00C04F79EFBC}") = "CSharpFluentDelegates", "CSharpFluentDelegates\CSharpFluentDelegates.csproj", "{D6FA4BC8-FDDF-48C4-9230-1B95E753741D}"
EndProject
Global
	GlobalSection(SolutionConfigurationPlatforms) = preSolution
		Debug|Any CPU = Debug|Any CPU
		Release|Any CPU = Release|Any CPU
	EndGlobalSection
	GlobalSection(ProjectConfigurationPlatforms) = postSolution
		{D6FA4BC8-FDDF-48C4-9230-1B95E753741D}.Debug|Any CPU.ActiveCfg = Debug|Any CPU
		{D6FA4BC8-FDDF-48C4-9230-1B95E753741D}.Debug|Any CPU.Build.0 = Debug|Any CPU
		{D6FA4BC8-FDDF-48C4-9230-1B95E753741D}.Release|Any CPU.ActiveCfg = Release|Any CPU
		{D6FA4BC8-FDDF-48C4-9230-1B95E753741D}.Release|Any CPU.Build.0 = Release|Any CPU
	EndGlobalSection
	GlobalSection(SolutionProperties) = preSolution
		HideSolutionNode = FALSE
	EndGlobalSection
	GlobalSection(ExtensibilityGlobals) = postSolution
		SolutionGuid = {CC26C8A9-7086-4A65-8D95-6F068CFCFC7F}
	EndGlobalSection
EndGlobal
